
Microsoft Visual Studio Solution File, Format Version 12.00
# Visual Studio Version 17
VisualStudioVersion = 17.5.002.0
MinimumVisualStudioVersion = 10.0.40219.1
Project("{9A19103F-16F7-4668-BE54-9A1E7A4F7556}") = "ArvoresBasicas", "ArvoresBasicas.csproj", "{FE2B0CD6-9559-4562-BD76-57F06280C403}"
EndProject
Global
	GlobalSection(SolutionConfigurationPlatforms) = preSolution
		Debug|Any CPU = Debug|Any CPU
		Release|Any CPU = Release|Any CPU
	EndGlobalSection
	GlobalSection(ProjectConfigurationPlatforms) = postSolution
		{FE2B0CD6-9559-4562-BD76-57F06280C403}.Debug|Any CPU.ActiveCfg = Debug|Any CPU
		{FE2B0CD6-9559-4562-BD76-57F06280C403}.Debug|Any CPU.Build.0 = Debug|Any CPU
		{FE2B0CD6-9559-4562-BD76-57F06280C403}.Release|Any CPU.ActiveCfg = Release|Any CPU
		{FE2B0CD6-9559-4562-BD76-57F06280C403}.Release|Any CPU.Build.0 = Release|Any CPU
	EndGlobalSection
	GlobalSection(SolutionProperties) = preSolution
		HideSolutionNode = FALSE
	EndGlobalSection
	GlobalSection(ExtensibilityGlobals) = postSolution
		SolutionGuid = {56CF41C3-C752-4189-852C-61D64C2A766B}
	EndGlobalSection
EndGlobal
