
Microsoft Visual Studio Solution File, Format Version 12.00
# Visual Studio Version 17
VisualStudioVersion = 17.5.002.0
MinimumVisualStudioVersion = 10.0.40219.1
Project("{9A19103F-16F7-4668-BE54-9A1E7A4F7556}") = "ListaLinkadaCircular", "ListaLinkadaCircular.csproj", "{EB964BBE-3005-4FBD-B089-6DB7F8D9661A}"
EndProject
Global
	GlobalSection(SolutionConfigurationPlatforms) = preSolution
		Debug|Any CPU = Debug|Any CPU
		Release|Any CPU = Release|Any CPU
	EndGlobalSection
	GlobalSection(ProjectConfigurationPlatforms) = postSolution
		{EB964BBE-3005-4FBD-B089-6DB7F8D9661A}.Debug|Any CPU.ActiveCfg = Debug|Any CPU
		{EB964BBE-3005-4FBD-B089-6DB7F8D9661A}.Debug|Any CPU.Build.0 = Debug|Any CPU
		{EB964BBE-3005-4FBD-B089-6DB7F8D9661A}.Release|Any CPU.ActiveCfg = Release|Any CPU
		{EB964BBE-3005-4FBD-B089-6DB7F8D9661A}.Release|Any CPU.Build.0 = Release|Any CPU
	EndGlobalSection
	GlobalSection(SolutionProperties) = preSolution
		HideSolutionNode = FALSE
	EndGlobalSection
	GlobalSection(ExtensibilityGlobals) = postSolution
		SolutionGuid = {229C4C97-6666-4CFC-8A49-B09811A4EAE1}
	EndGlobalSection
EndGlobal
